
Microsoft Visual Studio Solution File, Format Version 12.00
# Visual Studio Version 17
VisualStudioVersion = 17.14.36518.9 d17.14
MinimumVisualStudioVersion = 10.0.40219.1
Project("{FAE04EC0-301F-11D3-BF4B-00C04F79EFBC}") = "ManageProduct", "ManageProduct\ManageProduct.csproj", "{A1A1153A-8A2E-4206-AABE-22A6AFF5B66D}"
EndProject
Global
	GlobalSection(SolutionConfigurationPlatforms) = preSolution
		Debug|Any CPU = Debug|Any CPU
		Release|Any CPU = Release|Any CPU
	EndGlobalSection
	GlobalSection(ProjectConfigurationPlatforms) = postSolution
		{A1A1153A-8A2E-4206-AABE-22A6AFF5B66D}.Debug|Any CPU.ActiveCfg = Debug|Any CPU
		{A1A1153A-8A2E-4206-AABE-22A6AFF5B66D}.Debug|Any CPU.Build.0 = Debug|Any CPU
		{A1A1153A-8A2E-4206-AABE-22A6AFF5B66D}.Release|Any CPU.ActiveCfg = Release|Any CPU
		{A1A1153A-8A2E-4206-AABE-22A6AFF5B66D}.Release|Any CPU.Build.0 = Release|Any CPU
	EndGlobalSection
	GlobalSection(SolutionProperties) = preSolution
		HideSolutionNode = FALSE
	EndGlobalSection
	GlobalSection(ExtensibilityGlobals) = postSolution
		SolutionGuid = {6EEDEDBA-53AE-4696-B4D2-60B63D5FEA3C}
	EndGlobalSection
EndGlobal
